# This file is automatically @generated by Cargo.
# It is not intended for manual editing.
version = 4

[[package]]
name = "ch_01_hello_world"
version = "0.1.0"

[[package]]
name = "ch_01_if_else"
version = "0.1.0"

[[package]]
name = "ch_02_match"
version = "0.1.0"

[[package]]
name = "ch_02_types_variables"
version = "0.1.0"

[[package]]
name = "ch_03_functions"
version = "0.1.0"

[[package]]
name = "ch_03_loop"
version = "0.1.0"

[[package]]
name = "ch_04_modules"
version = "0.1.0"

[[package]]
name = "ch_04_stack_heap"
version = "0.1.0"

[[package]]
name = "exercise"
version = "0.1.0"

[[package]]
name = "exercise_module"
version = "0.1.0"
